{
  "name": "Portfolio 2026",
  "lockfileVersion": 3,
  "requires": true,
  "packages": {
    "": {
      "dependencies": {
        "gsap": "^3.15.0",
        "lenis": "^1.3.23",
        "motion": "^13.0.0",
        "react-intersection-observer": "^10.0.3",
        "react-parallax-tilt": "^1.7.331",
        "webp-converter": "^2.3.3"
      }
    },
    "node_modules/framer-motion": {
      "version": "13.0.0",
      "resolved": "https://registry.npmjs.org/framer-motion/-/framer-motion-13.0.0.tgz",
      "integrity": "sha512-nQGZXlsiigN48nzvE7AL1GLekql+etcphp8v+PQ0X04oxO20yVmV9rU9XQ25c136RdeIYoaWlKT9oAwvJza3mg==",
      "license": "MIT",
      "dependencies": {
        "motion-dom": "^13.0.0",
        "motion-utils": "^13.0.0",
        "tslib": "^2.4.0"
      },
      "peerDependencies": {
        "react": "^18.0.0 || ^19.0.0",
        "react-dom": "^18.0.0 || ^19.0.0"
      },
      "peerDependenciesMeta": {
        "react": {
          "optional": true
        },
        "react-dom": {
          "optional": true
        }
      }
    },
    "node_modules/gsap": {
      "version": "3.15.0",
      "resolved": "https://registry.npmjs.org/gsap/-/gsap-3.15.0.tgz",
      "integrity": "sha512-dMW4CWBTUK1AEEDeZc1g4xpPGIrSf9fJF960qbTZmN/QwZIWY5wgliS6JWl9/25fpTGJrMRtSjGtOmPnfjZB+A==",
      "license": "Standard 'no charge' license: https://gsap.com/standard-license."
    },
    "node_modules/lenis": {
      "version": "1.3.23",
      "resolved": "https://registry.npmjs.org/lenis/-/lenis-1.3.23.tgz",
      "integrity": "sha512-YxYq3TJqj9sJNv0V9SkyQHejt14xwyIwgDaaMK89Uf9SxQfIszu+gTQSSphh6BWlLTNVKvvXAGkg+Zf+oFIevg==",
      "license": "MIT",
      "workspaces": [
        "packages/*",
        "playground",
        "playground/*"
      ],
      "funding": {
        "type": "github",
        "url": "https://github.com/sponsors/darkroomengineering"
      },
      "peerDependencies": {
        "@nuxt/kit": ">=3.0.0",
        "react": ">=17.0.0",
        "vue": ">=3.0.0"
      },
      "peerDependenciesMeta": {
        "@nuxt/kit": {
          "optional": true
        },
        "react": {
          "optional": true
        },
        "vue": {
          "optional": true
        }
      }
    },
    "node_modules/motion": {
      "version": "13.0.0",
      "resolved": "https://registry.npmjs.org/motion/-/motion-13.0.0.tgz",
      "integrity": "sha512-RYZjEpgHUCKjBNqjmUQzW93VJWLvEZGTPdKRFSqOdOl07IIMvz+WrsZmD1XXAkoFLruW/8bO1L7UF+ViQTxtLg==",
      "license": "MIT",
      "dependencies": {
        "framer-motion": "^13.0.0",
        "tslib": "^2.4.0"
      },
      "peerDependencies": {
        "react": "^18.0.0 || ^19.0.0",
        "react-dom": "^18.0.0 || ^19.0.0"
      },
      "peerDependenciesMeta": {
        "react": {
          "optional": true
        },
        "react-dom": {
          "optional": true
        }
      }
    },
    "node_modules/motion-dom": {
      "version": "13.0.0",
      "resolved": "https://registry.npmjs.org/motion-dom/-/motion-dom-13.0.0.tgz",
      "integrity": "sha512-Xk+SJas70uMAUIApg+m3lZDShxI3LBFHq7mFGbBKoRXc2PVPDyAKmzN64Bbzt4CZdP/CItTiJxWtn4TA0v53Ng==",
      "license": "MIT",
      "dependencies": {
        "motion-utils": "^13.0.0"
      }
    },
    "node_modules/motion-utils": {
      "version": "13.0.0",
      "resolved": "https://registry.npmjs.org/motion-utils/-/motion-utils-13.0.0.tgz",
      "integrity": "sha512-7DnN7TmbLcYXcG4RVadXIihWlyuM9afoUww8Y5Agg431kGKiuL2/OMyP4mJ5wLz+pvN3t5ySClLOaVXJ+wekRQ==",
      "license": "MIT"
    },
    "node_modules/react": {
      "version": "19.2.7",
      "resolved": "https://registry.npmjs.org/react/-/react-19.2.7.tgz",
      "integrity": "sha512-HNe9WslTbXmFK8o8cmwgAeJFSBvt1bPdHCVKtaaV+WlAN36mpT4hcRpwbf3fY56ar2oIXzsBpOAiIRHAdY0OlQ==",
      "license": "MIT",
      "peer": true,
      "engines": {
        "node": ">=0.10.0"
      }
    },
    "node_modules/react-dom": {
      "version": "19.2.7",
      "resolved": "https://registry.npmjs.org/react-dom/-/react-dom-19.2.7.tgz",
      "integrity": "sha512-t0BRVXvbiE/o20Hfw669rLbMCDWtYZLvmJigy2f0MxsXF+71pxhR3xOkspmsO8h3ZlNzyibAmtCa3l4lYKk6gQ==",
      "license": "MIT",
      "peer": true,
      "dependencies": {
        "scheduler": "^0.27.0"
      },
      "peerDependencies": {
        "react": "^19.2.7"
      }
    },
    "node_modules/react-intersection-observer": {
      "version": "10.0.3",
      "resolved": "https://registry.npmjs.org/react-intersection-observer/-/react-intersection-observer-10.0.3.tgz",
      "integrity": "sha512-luICLMbs0zxTO/70Zy7K5jOXkABPEVSAF8T3FdZUlctsrIaPLmx8TZe2SSA+CY2HGWfz2INyNTnp82pxNNsShA==",
      "license": "MIT",
      "peerDependencies": {
        "react": "^17.0.0 || ^18.0.0 || ^19.0.0",
        "react-dom": "^17.0.0 || ^18.0.0 || ^19.0.0"
      },
      "peerDependenciesMeta": {
        "react-dom": {
          "optional": true
        }
      }
    },
    "node_modules/react-parallax-tilt": {
      "version": "1.7.331",
      "resolved": "https://registry.npmjs.org/react-parallax-tilt/-/react-parallax-tilt-1.7.331.tgz",
      "integrity": "sha512-fbJuhofF3HfMVNXymNGlSr+9/OhXJlCkxxmluWQ3GkeT540Qf3dyMF6+na2c+cp87YCKy71She5uTYd9/Px5Fg==",
      "license": "MIT",
      "peerDependencies": {
        "react": "^15.0.0 || ^16.0.0 || ^17.0.0 || ^18.0.0 || ^19.0.0",
        "react-dom": "^15.0.0 || ^16.0.0 || ^17.0.0 || ^18.0.0 || ^19.0.0"
      }
    },
    "node_modules/scheduler": {
      "version": "0.27.0",
      "resolved": "https://registry.npmjs.org/scheduler/-/scheduler-0.27.0.tgz",
      "integrity": "sha512-eNv+WrVbKu1f3vbYJT/xtiF5syA5HPIMtf9IgY/nKg0sWqzAUEvqY/xm7OcZc/qafLx/iO9FgOmeSAp4v5ti/Q==",
      "license": "MIT",
      "peer": true
    },
    "node_modules/tslib": {
      "version": "2.8.1",
      "resolved": "https://registry.npmjs.org/tslib/-/tslib-2.8.1.tgz",
      "integrity": "sha512-oJFu94HQb+KVduSUQL7wnpmqnfmLsOA/nAh6b6EH0wCEoK0/mPeXU6c3wKDV83MkOuHPRHtSXKKU99IBazS/2w==",
      "license": "0BSD"
    },
    "node_modules/uuid": {
      "version": "11.1.1",
      "resolved": "https://registry.npmjs.org/uuid/-/uuid-11.1.1.tgz",
      "integrity": "sha512-vIYxrBCC/N/K+Js3qSN88go7kIfNPssr/hHCesKCQNAjmgvYS2oqr69kIufEG+O4+PfezOH4EbIeHCfFov8ZgQ==",
      "funding": [
        "https://github.com/sponsors/broofa",
        "https://github.com/sponsors/ctavan"
      ],
      "license": "MIT",
      "bin": {
        "uuid": "dist/esm/bin/uuid"
      }
    },
    "node_modules/webp-converter": {
      "version": "2.3.3",
      "resolved": "https://registry.npmjs.org/webp-converter/-/webp-converter-2.3.3.tgz",
      "integrity": "sha512-2p4XvPCIQ/CbUztEFA9vdkILVrRTdMtMxFpQTxlnPc3qx14MV5wnpVvK7m6pG70QdeL+Ser0+Tp843ONwh8VbQ==",
      "license": "MIT",
      "dependencies": {
        "uuid": "^8.3.2"
      }
    }
  }
}
